// !$*UTF8*$!
{
	archiveVersion = 1;
	classes = {
	};
	objectVersion = 55;
	objects = {

/* Begin PBXBuildFile section */
		09260E572889262300029AB2 /* AddCardForm.swift in Sources */ = {isa = PBXBuildFile; fileRef = 09260E562889262300029AB2 /* AddCardForm.swift */; };
		09713B44296D23820055E49F /* DeviceIdiomView.swift in Sources */ = {isa = PBXBuildFile; fileRef = 09713B43296D23820055E49F /* DeviceIdiomView.swift */; };
		09713B46296D273F0055E49F /* MainPadDeviceView.swift in Sources */ = {isa = PBXBuildFile; fileRef = 09713B45296D273F0055E49F /* MainPadDeviceView.swift */; };
		098FC8F6295ED4EE0026D006 /* Color.swift in Sources */ = {isa = PBXBuildFile; fileRef = 098FC8F5295ED4EE0026D006 /* Color.swift */; };
		099ACD682905489400573601 /* CategoriesListView.swift in Sources */ = {isa = PBXBuildFile; fileRef = 099ACD672905489400573601 /* CategoriesListView.swift */; };
		09C72E0C28FF796100BF8B3F /* AddTransactionForm.swift in Sources */ = {isa = PBXBuildFile; fileRef = 09C72E0B28FF796100BF8B3F /* AddTransactionForm.swift */; };
		09C72E122901365500BF8B3F /* TransactionListView.swift in Sources */ = {isa = PBXBuildFile; fileRef = 09C72E112901365500BF8B3F /* TransactionListView.swift */; };
		09D681032875FA0C002932B7 /* SwiftUICoreDataSpendingTrackerApp.swift in Sources */ = {isa = PBXBuildFile; fileRef = 09D681022875FA0C002932B7 /* SwiftUICoreDataSpendingTrackerApp.swift */; };
		09D681052875FA0C002932B7 /* ContentView.swift in Sources */ = {isa = PBXBuildFile; fileRef = 09D681042875FA0C002932B7 /* ContentView.swift */; };
		09D681072875FA0F002932B7 /* Assets.xcassets in Resources */ = {isa = PBXBuildFile; fileRef = 09D681062875FA0F002932B7 /* Assets.xcassets */; };
		09D6810A2875FA0F002932B7 /* Preview Assets.xcassets in Resources */ = {isa = PBXBuildFile; fileRef = 09D681092875FA0F002932B7 /* Preview Assets.xcassets */; };
		09D6810C2875FA0F002932B7 /* Persistence.swift in Sources */ = {isa = PBXBuildFile; fileRef = 09D6810B2875FA0F002932B7 /* Persistence.swift */; };
		09D6810F2875FA0F002932B7 /* SwiftUICoreDataSpendingTracker.xcdatamodeld in Sources */ = {isa = PBXBuildFile; fileRef = 09D6810D2875FA0F002932B7 /* SwiftUICoreDataSpendingTracker.xcdatamodeld */; };
		09D681172875FBC0002932B7 /* MainView.swift in Sources */ = {isa = PBXBuildFile; fileRef = 09D681162875FBC0002932B7 /* MainView.swift */; };
/* End PBXBuildFile section */

/* Begin PBXFileReference section */
		09260E562889262300029AB2 /* AddCardForm.swift */ = {isa = PBXFileReference; lastKnownFileType = sourcecode.swift; path = AddCardForm.swift; sourceTree = "<group>"; };
		09713B43296D23820055E49F /* DeviceIdiomView.swift */ = {isa = PBXFileReference; lastKnownFileType = sourcecode.swift; path = DeviceIdiomView.swift; sourceTree = "<group>"; };
		09713B45296D273F0055E49F /* MainPadDeviceView.swift */ = {isa = PBXFileReference; lastKnownFileType = sourcecode.swift; path = MainPadDeviceView.swift; sourceTree = "<group>"; };
		098FC8F5295ED4EE0026D006 /* Color.swift */ = {isa = PBXFileReference; lastKnownFileType = sourcecode.swift; path = Color.swift; sourceTree = "<group>"; };
		099ACD672905489400573601 /* CategoriesListView.swift */ = {isa = PBXFileReference; lastKnownFileType = sourcecode.swift; path = CategoriesListView.swift; sourceTree = "<group>"; };
		09C72E0B28FF796100BF8B3F /* AddTransactionForm.swift */ = {isa = PBXFileReference; lastKnownFileType = sourcecode.swift; path = AddTransactionForm.swift; sourceTree = "<group>"; };
		09C72E112901365500BF8B3F /* TransactionListView.swift */ = {isa = PBXFileReference; lastKnownFileType = sourcecode.swift; path = TransactionListView.swift; sourceTree = "<group>"; };
		09D680FF2875FA0C002932B7 /* SwiftUICoreDataSpendingTracker.app */ = {isa = PBXFileReference; explicitFileType = wrapper.application; includeInIndex = 0; path = SwiftUICoreDataSpendingTracker.app; sourceTree = BUILT_PRODUCTS_DIR; };
		09D681022875FA0C002932B7 /* SwiftUICoreDataSpendingTrackerApp.swift */ = {isa = PBXFileReference; lastKnownFileType = sourcecode.swift; path = SwiftUICoreDataSpendingTrackerApp.swift; sourceTree = "<group>"; };
		09D681042875FA0C002932B7 /* ContentView.swift */ = {isa = PBXFileReference; lastKnownFileType = sourcecode.swift; path = ContentView.swift; sourceTree = "<group>"; };
		09D681062875FA0F002932B7 /* Assets.xcassets */ = {isa = PBXFileReference; lastKnownFileType = folder.assetcatalog; path = Assets.xcassets; sourceTree = "<group>"; };
		09D681092875FA0F002932B7 /* Preview Assets.xcassets */ = {isa = PBXFileReference; lastKnownFileType = folder.assetcatalog; path = "Preview Assets.xcassets"; sourceTree = "<group>"; };
		09D6810B2875FA0F002932B7 /* Persistence.swift */ = {isa = PBXFileReference; lastKnownFileType = sourcecode.swift; path = Persistence.swift; sourceTree = "<group>"; };
		09D6810E2875FA0F002932B7 /* SwiftUICoreDataSpendingTracker.xcdatamodel */ = {isa = PBXFileReference; lastKnownFileType = wrapper.xcdatamodel; path = SwiftUICoreDataSpendingTracker.xcdatamodel; sourceTree = "<group>"; };
		09D681162875FBC0002932B7 /* MainView.swift */ = {isa = PBXFileReference; lastKnownFileType = sourcecode.swift; path = MainView.swift; sourceTree = "<group>"; };
/* End PBXFileReference section */

/* Begin PBXFrameworksBuildPhase section */
		09D680FC2875FA0C002932B7 /* Frameworks */ = {
			isa = PBXFrameworksBuildPhase;
			buildActionMask = 2147483647;
			files = (
			);
			runOnlyForDeploymentPostprocessing = 0;
		};
/* End PBXFrameworksBuildPhase section */

/* Begin PBXGroup section */
		09260E552889260D00029AB2 /* AddCard */ = {
			isa = PBXGroup;
			children = (
				09260E562889262300029AB2 /* AddCardForm.swift */,
			);
			path = AddCard;
			sourceTree = "<group>";
		};
		098FC8F4295ED4D20026D006 /* Utils */ = {
			isa = PBXGroup;
			children = (
				098FC8F5295ED4EE0026D006 /* Color.swift */,
			);
			path = Utils;
			sourceTree = "<group>";
		};
		09C72E0A28FF794200BF8B3F /* Transaction */ = {
			isa = PBXGroup;
			children = (
				09C72E0B28FF796100BF8B3F /* AddTransactionForm.swift */,
				09C72E112901365500BF8B3F /* TransactionListView.swift */,
				099ACD672905489400573601 /* CategoriesListView.swift */,
			);
			path = Transaction;
			sourceTree = "<group>";
		};
		09D680F62875FA0C002932B7 = {
			isa = PBXGroup;
			children = (
				09D681012875FA0C002932B7 /* SwiftUICoreDataSpendingTracker */,
				09D681002875FA0C002932B7 /* Products */,
			);
			sourceTree = "<group>";
		};
		09D681002875FA0C002932B7 /* Products */ = {
			isa = PBXGroup;
			children = (
				09D680FF2875FA0C002932B7 /* SwiftUICoreDataSpendingTracker.app */,
			);
			name = Products;
			sourceTree = "<group>";
		};
		09D681012875FA0C002932B7 /* SwiftUICoreDataSpendingTracker */ = {
			isa = PBXGroup;
			children = (
				09D681152875FBA1002932B7 /* Main */,
				09D681022875FA0C002932B7 /* SwiftUICoreDataSpendingTrackerApp.swift */,
				09D681042875FA0C002932B7 /* ContentView.swift */,
				09D681062875FA0F002932B7 /* Assets.xcassets */,
				09D6810B2875FA0F002932B7 /* Persistence.swift */,
				09D6810D2875FA0F002932B7 /* SwiftUICoreDataSpendingTracker.xcdatamodeld */,
				09D681082875FA0F002932B7 /* Preview Content */,
				09713B43296D23820055E49F /* DeviceIdiomView.swift */,
			);
			path = SwiftUICoreDataSpendingTracker;
			sourceTree = "<group>";
		};
		09D681082875FA0F002932B7 /* Preview Content */ = {
			isa = PBXGroup;
			children = (
				09D681092875FA0F002932B7 /* Preview Assets.xcassets */,
			);
			path = "Preview Content";
			sourceTree = "<group>";
		};
		09D681152875FBA1002932B7 /* Main */ = {
			isa = PBXGroup;
			children = (
				098FC8F4295ED4D20026D006 /* Utils */,
				09C72E0A28FF794200BF8B3F /* Transaction */,
				09260E552889260D00029AB2 /* AddCard */,
				09D681162875FBC0002932B7 /* MainView.swift */,
				09713B45296D273F0055E49F /* MainPadDeviceView.swift */,
			);
			path = Main;
			sourceTree = "<group>";
		};
/* End PBXGroup section */

/* Begin PBXNativeTarget section */
		09D680FE2875FA0C002932B7 /* SwiftUICoreDataSpendingTracker */ = {
			isa = PBXNativeTarget;
			buildConfigurationList = 09D681122875FA0F002932B7 /* Build configuration list for PBXNativeTarget "SwiftUICoreDataSpendingTracker" */;
			buildPhases = (
				09D680FB2875FA0C002932B7 /* Sources */,
				09D680FC2875FA0C002932B7 /* Frameworks */,
				09D680FD2875FA0C002932B7 /* Resources */,
			);
			buildRules = (
			);
			dependencies = (
			);
			name = SwiftUICoreDataSpendingTracker;
			productName = SwiftUICoreDataSpendingTracker;
			productReference = 09D680FF2875FA0C002932B7 /* SwiftUICoreDataSpendingTracker.app */;
			productType = "com.apple.product-type.application";
		};
/* End PBXNativeTarget section */

/* Begin PBXProject section */
		09D680F72875FA0C002932B7 /* Project object */ = {
			isa = PBXProject;
			attributes = {
				BuildIndependentTargetsInParallel = 1;
				LastSwiftUpdateCheck = 1330;
				LastUpgradeCheck = 1330;
				TargetAttributes = {
					09D680FE2875FA0C002932B7 = {
						CreatedOnToolsVersion = 13.3.1;
					};
				};
			};
			buildConfigurationList = 09D680FA2875FA0C002932B7 /* Build configuration list for PBXProject "SwiftUICoreDataSpendingTracker" */;
			compatibilityVersion = "Xcode 13.0";
			developmentRegion = en;
			hasScannedForEncodings = 0;
			knownRegions = (
				en,
				Base,
			);
			mainGroup = 09D680F62875FA0C002932B7;
			productRefGroup = 09D681002875FA0C002932B7 /* Products */;
			projectDirPath = "";
			projectRoot = "";
			targets = (
				09D680FE2875FA0C002932B7 /* SwiftUICoreDataSpendingTracker */,
			);
		};
/* End PBXProject section */

/* Begin PBXResourcesBuildPhase section */
		09D680FD2875FA0C002932B7 /* Resources */ = {
			isa = PBXResourcesBuildPhase;
			buildActionMask = 2147483647;
			files = (
				09D6810A2875FA0F002932B7 /* Preview Assets.xcassets in Resources */,
				09D681072875FA0F002932B7 /* Assets.xcassets in Resources */,
			);
			runOnlyForDeploymentPostprocessing = 0;
		};
/* End PBXResourcesBuildPhase section */

/* Begin PBXSourcesBuildPhase section */
		09D680FB2875FA0C002932B7 /* Sources */ = {
			isa = PBXSourcesBuildPhase;
			buildActionMask = 2147483647;
			files = (
				09D6810C2875FA0F002932B7 /* Persistence.swift in Sources */,
				09C72E122901365500BF8B3F /* TransactionListView.swift in Sources */,
				09260E572889262300029AB2 /* AddCardForm.swift in Sources */,
				098FC8F6295ED4EE0026D006 /* Color.swift in Sources */,
				09D6810F2875FA0F002932B7 /* SwiftUICoreDataSpendingTracker.xcdatamodeld in Sources */,
				09C72E0C28FF796100BF8B3F /* AddTransactionForm.swift in Sources */,
				099ACD682905489400573601 /* CategoriesListView.swift in Sources */,
				09D681052875FA0C002932B7 /* ContentView.swift in Sources */,
				09713B44296D23820055E49F /* DeviceIdiomView.swift in Sources */,
				09D681172875FBC0002932B7 /* MainView.swift in Sources */,
				09D681032875FA0C002932B7 /* SwiftUICoreDataSpendingTrackerApp.swift in Sources */,
				09713B46296D273F0055E49F /* MainPadDeviceView.swift in Sources */,
			);
			runOnlyForDeploymentPostprocessing = 0;
		};
/* End PBXSourcesBuildPhase section */

/* Begin XCBuildConfiguration section */
		09D681102875FA0F002932B7 /* Debug */ = {
			isa = XCBuildConfiguration;
			buildSettings = {
				ALWAYS_SEARCH_USER_PATHS = NO;
				CLANG_ANALYZER_NONNULL = YES;
				CLANG_ANALYZER_NUMBER_OBJECT_CONVERSION = YES_AGGRESSIVE;
				CLANG_CXX_LANGUAGE_STANDARD = "gnu++17";
				CLANG_ENABLE_MODULES = YES;
				CLANG_ENABLE_OBJC_ARC = YES;
				CLANG_ENABLE_OBJC_WEAK = YES;
				CLANG_WARN_BLOCK_CAPTURE_AUTORELEASING = YES;
				CLANG_WARN_BOOL_CONVERSION = YES;
				CLANG_WARN_COMMA = YES;
				CLANG_WARN_CONSTANT_CONVERSION = YES;
				CLANG_WARN_DEPRECATED_OBJC_IMPLEMENTATIONS = YES;
				CLANG_WARN_DIRECT_OBJC_ISA_USAGE = YES_ERROR;
				CLANG_WARN_DOCUMENTATION_COMMENTS = YES;
				CLANG_WARN_EMPTY_BODY = YES;
				CLANG_WARN_ENUM_CONVERSION = YES;
				CLANG_WARN_INFINITE_RECURSION = YES;
				CLANG_WARN_INT_CONVERSION = YES;
				CLANG_WARN_NON_LITERAL_NULL_CONVERSION = YES;
				CLANG_WARN_OBJC_IMPLICIT_RETAIN_SELF = YES;
				CLANG_WARN_OBJC_LITERAL_CONVERSION = YES;
				CLANG_WARN_OBJC_ROOT_CLASS = YES_ERROR;
				CLANG_WARN_QUOTED_INCLUDE_IN_FRAMEWORK_HEADER = YES;
				CLANG_WARN_RANGE_LOOP_ANALYSIS = YES;
				CLANG_WARN_STRICT_PROTOTYPES = YES;
				CLANG_WARN_SUSPICIOUS_MOVE = YES;
				CLANG_WARN_UNGUARDED_AVAILABILITY = YES_AGGRESSIVE;
				CLANG_WARN_UNREACHABLE_CODE = YES;
				CLANG_WARN__DUPLICATE_METHOD_MATCH = YES;
				COPY_PHASE_STRIP = NO;
				DEBUG_INFORMATION_FORMAT = dwarf;
				ENABLE_STRICT_OBJC_MSGSEND = YES;
				ENABLE_TESTABILITY = YES;
				GCC_C_LANGUAGE_STANDARD = gnu11;
				GCC_DYNAMIC_NO_PIC = NO;
				GCC_NO_COMMON_BLOCKS = YES;
				GCC_OPTIMIZATION_LEVEL = 0;
				GCC_PREPROCESSOR_DEFINITIONS = (
					"DEBUG=1",
					"$(inherited)",
				);
				GCC_WARN_64_TO_32_BIT_CONVERSION = YES;
				GCC_WARN_ABOUT_RETURN_TYPE = YES_ERROR;
				GCC_WARN_UNDECLARED_SELECTOR = YES;
				GCC_WARN_UNINITIALIZED_AUTOS = YES_AGGRESSIVE;
				GCC_WARN_UNUSED_FUNCTION = YES;
				GCC_WARN_UNUSED_VARIABLE = YES;
				IPHONEOS_DEPLOYMENT_TARGET = 15.4;
				MTL_ENABLE_DEBUG_INFO = INCLUDE_SOURCE;
				MTL_FAST_MATH = YES;
				ONLY_ACTIVE_ARCH = YES;
				SDKROOT = iphoneos;
				SWIFT_ACTIVE_COMPILATION_CONDITIONS = DEBUG;
				SWIFT_OPTIMIZATION_LEVEL = "-Onone";
			};
			name = Debug;
		};
		09D681112875FA0F002932B7 /* Release */ = {
			isa = XCBuildConfiguration;
			buildSettings = {
				ALWAYS_SEARCH_USER_PATHS = NO;
				CLANG_ANALYZER_NONNULL = YES;
				CLANG_ANALYZER_NUMBER_OBJECT_CONVERSION = YES_AGGRESSIVE;
				CLANG_CXX_LANGUAGE_STANDARD = "gnu++17";
				CLANG_ENABLE_MODULES = YES;
				CLANG_ENABLE_OBJC_ARC = YES;
				CLANG_ENABLE_OBJC_WEAK = YES;
				CLANG_WARN_BLOCK_CAPTURE_AUTORELEASING = YES;
				CLANG_WARN_BOOL_CONVERSION = YES;
				CLANG_WARN_COMMA = YES;
				CLANG_WARN_CONSTANT_CONVERSION = YES;
				CLANG_WARN_DEPRECATED_OBJC_IMPLEMENTATIONS = YES;
				CLANG_WARN_DIRECT_OBJC_ISA_USAGE = YES_ERROR;
				CLANG_WARN_DOCUMENTATION_COMMENTS = YES;
				CLANG_WARN_EMPTY_BODY = YES;
				CLANG_WARN_ENUM_CONVERSION = YES;
				CLANG_WARN_INFINITE_RECURSION = YES;
				CLANG_WARN_INT_CONVERSION = YES;
				CLANG_WARN_NON_LITERAL_NULL_CONVERSION = YES;
				CLANG_WARN_OBJC_IMPLICIT_RETAIN_SELF = YES;
				CLANG_WARN_OBJC_LITERAL_CONVERSION = YES;
				CLANG_WARN_OBJC_ROOT_CLASS = YES_ERROR;
				CLANG_WARN_QUOTED_INCLUDE_IN_FRAMEWORK_HEADER = YES;
				CLANG_WARN_RANGE_LOOP_ANALYSIS = YES;
				CLANG_WARN_STRICT_PROTOTYPES = YES;
				CLANG_WARN_SUSPICIOUS_MOVE = YES;
				CLANG_WARN_UNGUARDED_AVAILABILITY = YES_AGGRESSIVE;
				CLANG_WARN_UNREACHABLE_CODE = YES;
				CLANG_WARN__DUPLICATE_METHOD_MATCH = YES;
				COPY_PHASE_STRIP = NO;
				DEBUG_INFORMATION_FORMAT = "dwarf-with-dsym";
				ENABLE_NS_ASSERTIONS = NO;
				ENABLE_STRICT_OBJC_MSGSEND = YES;
				GCC_C_LANGUAGE_STANDARD = gnu11;
				GCC_NO_COMMON_BLOCKS = YES;
				GCC_WARN_64_TO_32_BIT_CONVERSION = YES;
				GCC_WARN_ABOUT_RETURN_TYPE = YES_ERROR;
				GCC_WARN_UNDECLARED_SELECTOR = YES;
				GCC_WARN_UNINITIALIZED_AUTOS = YES_AGGRESSIVE;
				GCC_WARN_UNUSED_FUNCTION = YES;
				GCC_WARN_UNUSED_VARIABLE = YES;
				IPHONEOS_DEPLOYMENT_TARGET = 15.4;
				MTL_ENABLE_DEBUG_INFO = NO;
				MTL_FAST_MATH = YES;
				SDKROOT = iphoneos;
				SWIFT_COMPILATION_MODE = wholemodule;
				SWIFT_OPTIMIZATION_LEVEL = "-O";
				VALIDATE_PRODUCT = YES;
			};
			name = Release;
		};
		09D681132875FA0F002932B7 /* Debug */ = {
			isa = XCBuildConfiguration;
			buildSettings = {
				ASSETCATALOG_COMPILER_APPICON_NAME = AppIcon;
				ASSETCATALOG_COMPILER_GLOBAL_ACCENT_COLOR_NAME = AccentColor;
				CODE_SIGN_STYLE = Automatic;
				CURRENT_PROJECT_VERSION = 1;
				DEVELOPMENT_ASSET_PATHS = "\"SwiftUICoreDataSpendingTracker/Preview Content\"";
				DEVELOPMENT_TEAM = XC48HTB69A;
				ENABLE_PREVIEWS = YES;
				GENERATE_INFOPLIST_FILE = YES;
				INFOPLIST_KEY_UIApplicationSceneManifest_Generation = YES;
				INFOPLIST_KEY_UIApplicationSupportsIndirectInputEvents = YES;
				INFOPLIST_KEY_UILaunchScreen_Generation = YES;
				INFOPLIST_KEY_UISupportedInterfaceOrientations_iPad = "UIInterfaceOrientationPortrait UIInterfaceOrientationPortraitUpsideDown UIInterfaceOrientationLandscapeLeft UIInterfaceOrientationLandscapeRight";
				INFOPLIST_KEY_UISupportedInterfaceOrientations_iPhone = "UIInterfaceOrientationPortrait UIInterfaceOrientationLandscapeLeft UIInterfaceOrientationLandscapeRight";
				LD_RUNPATH_SEARCH_PATHS = (
					"$(inherited)",
					"@executable_path/Frameworks",
				);
				MARKETING_VERSION = 1.0;
				PRODUCT_BUNDLE_IDENTIFIER = co.rjhrabowskie.SwiftUICoreDataSpendingTracker;
				PRODUCT_NAME = "$(TARGET_NAME)";
				SWIFT_EMIT_LOC_STRINGS = YES;
				SWIFT_VERSION = 5.0;
				TARGETED_DEVICE_FAMILY = "1,2";
			};
			name = Debug;
		};
		09D681142875FA0F002932B7 /* Release */ = {
			isa = XCBuildConfiguration;
			buildSettings = {
				ASSETCATALOG_COMPILER_APPICON_NAME = AppIcon;
				ASSETCATALOG_COMPILER_GLOBAL_ACCENT_COLOR_NAME = AccentColor;
				CODE_SIGN_STYLE = Automatic;
				CURRENT_PROJECT_VERSION = 1;
				DEVELOPMENT_ASSET_PATHS = "\"SwiftUICoreDataSpendingTracker/Preview Content\"";
				DEVELOPMENT_TEAM = XC48HTB69A;
				ENABLE_PREVIEWS = YES;
				GENERATE_INFOPLIST_FILE = YES;
				INFOPLIST_KEY_UIApplicationSceneManifest_Generation = YES;
				INFOPLIST_KEY_UIApplicationSupportsIndirectInputEvents = YES;
				INFOPLIST_KEY_UILaunchScreen_Generation = YES;
				INFOPLIST_KEY_UISupportedInterfaceOrientations_iPad = "UIInterfaceOrientationPortrait UIInterfaceOrientationPortraitUpsideDown UIInterfaceOrientationLandscapeLeft UIInterfaceOrientationLandscapeRight";
				INFOPLIST_KEY_UISupportedInterfaceOrientations_iPhone = "UIInterfaceOrientationPortrait UIInterfaceOrientationLandscapeLeft UIInterfaceOrientationLandscapeRight";
				LD_RUNPATH_SEARCH_PATHS = (
					"$(inherited)",
					"@executable_path/Frameworks",
				);
				MARKETING_VERSION = 1.0;
				PRODUCT_BUNDLE_IDENTIFIER = co.rjhrabowskie.SwiftUICoreDataSpendingTracker;
				PRODUCT_NAME = "$(TARGET_NAME)";
				SWIFT_EMIT_LOC_STRINGS = YES;
				SWIFT_VERSION = 5.0;
				TARGETED_DEVICE_FAMILY = "1,2";
			};
			name = Release;
		};
/* End XCBuildConfiguration section */

/* Begin XCConfigurationList section */
		09D680FA2875FA0C002932B7 /* Build configuration list for PBXProject "SwiftUICoreDataSpendingTracker" */ = {
			isa = XCConfigurationList;
			buildConfigurations = (
				09D681102875FA0F002932B7 /* Debug */,
				09D681112875FA0F002932B7 /* Release */,
			);
			defaultConfigurationIsVisible = 0;
			defaultConfigurationName = Release;
		};
		09D681122875FA0F002932B7 /* Build configuration list for PBXNativeTarget "SwiftUICoreDataSpendingTracker" */ = {
			isa = XCConfigurationList;
			buildConfigurations = (
				09D681132875FA0F002932B7 /* Debug */,
				09D681142875FA0F002932B7 /* Release */,
			);
			defaultConfigurationIsVisible = 0;
			defaultConfigurationName = Release;
		};
/* End XCConfigurationList section */

/* Begin XCVersionGroup section */
		09D6810D2875FA0F002932B7 /* SwiftUICoreDataSpendingTracker.xcdatamodeld */ = {
			isa = XCVersionGroup;
			children = (
				09D6810E2875FA0F002932B7 /* SwiftUICoreDataSpendingTracker.xcdatamodel */,
			);
			currentVersion = 09D6810E2875FA0F002932B7 /* SwiftUICoreDataSpendingTracker.xcdatamodel */;
			path = SwiftUICoreDataSpendingTracker.xcdatamodeld;
			sourceTree = "<group>";
			versionGroupType = wrapper.xcdatamodel;
		};
/* End XCVersionGroup section */
	};
	rootObject = 09D680F72875FA0C002932B7 /* Project object */;
}
